// !$*UTF8*$!
{
	archiveVersion = 1;
	classes = {
	};
	objectVersion = 55;
	objects = {

/* Begin PBXBuildFile section */
		13FB31E228C89941005725D0 /* Badger_meApp.swift in Sources */ = {isa = PBXBuildFile; fileRef = 13FB31E128C89941005725D0 /* Badger_meApp.swift */; };
		13FB31E428C89941005725D0 /* ContentView.swift in Sources */ = {isa = PBXBuildFile; fileRef = 13FB31E328C89941005725D0 /* ContentView.swift */; };
		13FB31E628C89942005725D0 /* Assets.xcassets in Resources */ = {isa = PBXBuildFile; fileRef = 13FB31E528C89942005725D0 /* Assets.xcassets */; };
		13FB31E928C89942005725D0 /* Preview Assets.xcassets in Resources */ = {isa = PBXBuildFile; fileRef = 13FB31E828C89942005725D0 /* Preview Assets.xcassets */; };
		13FB31F328C89942005725D0 /* Badger_meTests.swift in Sources */ = {isa = PBXBuildFile; fileRef = 13FB31F228C89942005725D0 /* Badger_meTests.swift */; };
		13FB31FD28C89942005725D0 /* Badger_meUITests.swift in Sources */ = {isa = PBXBuildFile; fileRef = 13FB31FC28C89942005725D0 /* Badger_meUITests.swift */; };
		13FB31FF28C89942005725D0 /* Badger_meUITestsLaunchTests.swift in Sources */ = {isa = PBXBuildFile; fileRef = 13FB31FE28C89942005725D0 /* Badger_meUITestsLaunchTests.swift */; };
		13FB320D28C89A30005725D0 /* FirebaseAuth in Frameworks */ = {isa = PBXBuildFile; productRef = 13FB320C28C89A30005725D0 /* FirebaseAuth */; };
		13FB321028C8A35E005725D0 /* LoginView.swift in Sources */ = {isa = PBXBuildFile; fileRef = 13FB320F28C8A35E005725D0 /* LoginView.swift */; };
		13FB321328C8C381005725D0 /* GoogleSignIn in Frameworks */ = {isa = PBXBuildFile; productRef = 13FB321228C8C381005725D0 /* GoogleSignIn */; };
		13FB321628C8C6F4005725D0 /* GoogleService-Info.plist in Resources */ = {isa = PBXBuildFile; fileRef = 13FB321528C8C6F4005725D0 /* GoogleService-Info.plist */; };
/* End PBXBuildFile section */

/* Begin PBXContainerItemProxy section */
		13FB31EF28C89942005725D0 /* PBXContainerItemProxy */ = {
			isa = PBXContainerItemProxy;
			containerPortal = 13FB31D628C89941005725D0 /* Project object */;
			proxyType = 1;
			remoteGlobalIDString = 13FB31DD28C89941005725D0;
			remoteInfo = Badger_me;
		};
		13FB31F928C89942005725D0 /* PBXContainerItemProxy */ = {
			isa = PBXContainerItemProxy;
			containerPortal = 13FB31D628C89941005725D0 /* Project object */;
			proxyType = 1;
			remoteGlobalIDString = 13FB31DD28C89941005725D0;
			remoteInfo = Badger_me;
		};
/* End PBXContainerItemProxy section */

/* Begin PBXFileReference section */
		13FB31DE28C89941005725D0 /* Badger_me.app */ = {isa = PBXFileReference; explicitFileType = wrapper.application; includeInIndex = 0; path = Badger_me.app; sourceTree = BUILT_PRODUCTS_DIR; };
		13FB31E128C89941005725D0 /* Badger_meApp.swift */ = {isa = PBXFileReference; lastKnownFileType = sourcecode.swift; path = Badger_meApp.swift; sourceTree = "<group>"; };
		13FB31E328C89941005725D0 /* ContentView.swift */ = {isa = PBXFileReference; lastKnownFileType = sourcecode.swift; path = ContentView.swift; sourceTree = "<group>"; };
		13FB31E528C89942005725D0 /* Assets.xcassets */ = {isa = PBXFileReference; lastKnownFileType = folder.assetcatalog; path = Assets.xcassets; sourceTree = "<group>"; };
		13FB31E828C89942005725D0 /* Preview Assets.xcassets */ = {isa = PBXFileReference; lastKnownFileType = folder.assetcatalog; path = "Preview Assets.xcassets"; sourceTree = "<group>"; };
		13FB31EE28C89942005725D0 /* Badger_meTests.xctest */ = {isa = PBXFileReference; explicitFileType = wrapper.cfbundle; includeInIndex = 0; path = Badger_meTests.xctest; sourceTree = BUILT_PRODUCTS_DIR; };
		13FB31F228C89942005725D0 /* Badger_meTests.swift */ = {isa = PBXFileReference; lastKnownFileType = sourcecode.swift; path = Badger_meTests.swift; sourceTree = "<group>"; };
		13FB31F828C89942005725D0 /* Badger_meUITests.xctest */ = {isa = PBXFileReference; explicitFileType = wrapper.cfbundle; includeInIndex = 0; path = Badger_meUITests.xctest; sourceTree = BUILT_PRODUCTS_DIR; };
		13FB31FC28C89942005725D0 /* Badger_meUITests.swift */ = {isa = PBXFileReference; lastKnownFileType = sourcecode.swift; path = Badger_meUITests.swift; sourceTree = "<group>"; };
		13FB31FE28C89942005725D0 /* Badger_meUITestsLaunchTests.swift */ = {isa = PBXFileReference; lastKnownFileType = sourcecode.swift; path = Badger_meUITestsLaunchTests.swift; sourceTree = "<group>"; };
		13FB320F28C8A35E005725D0 /* LoginView.swift */ = {isa = PBXFileReference; lastKnownFileType = sourcecode.swift; path = LoginView.swift; sourceTree = "<group>"; };
		13FB321528C8C6F4005725D0 /* GoogleService-Info.plist */ = {isa = PBXFileReference; fileEncoding = 4; lastKnownFileType = text.plist.xml; path = "GoogleService-Info.plist"; sourceTree = "<group>"; };
		13FB321728C8C98E005725D0 /* Badger-me-Info.plist */ = {isa = PBXFileReference; lastKnownFileType = text.plist; path = "Badger-me-Info.plist"; sourceTree = SOURCE_ROOT; };
/* End PBXFileReference section */

/* Begin PBXFrameworksBuildPhase section */
		13FB31DB28C89941005725D0 /* Frameworks */ = {
			isa = PBXFrameworksBuildPhase;
			buildActionMask = 2147483647;
			files = (
				13FB320D28C89A30005725D0 /* FirebaseAuth in Frameworks */,
				13FB321328C8C381005725D0 /* GoogleSignIn in Frameworks */,
			);
			runOnlyForDeploymentPostprocessing = 0;
		};
		13FB31EB28C89942005725D0 /* Frameworks */ = {
			isa = PBXFrameworksBuildPhase;
			buildActionMask = 2147483647;
			files = (
			);
			runOnlyForDeploymentPostprocessing = 0;
		};
		13FB31F528C89942005725D0 /* Frameworks */ = {
			isa = PBXFrameworksBuildPhase;
			buildActionMask = 2147483647;
			files = (
			);
			runOnlyForDeploymentPostprocessing = 0;
		};
/* End PBXFrameworksBuildPhase section */

/* Begin PBXGroup section */
		13FB31D528C89941005725D0 = {
			isa = PBXGroup;
			children = (
				13FB31E028C89941005725D0 /* Badger_me */,
				13FB31F128C89942005725D0 /* Badger_meTests */,
				13FB31FB28C89942005725D0 /* Badger_meUITests */,
				13FB31DF28C89941005725D0 /* Products */,
			);
			sourceTree = "<group>";
		};
		13FB31DF28C89941005725D0 /* Products */ = {
			isa = PBXGroup;
			children = (
				13FB31DE28C89941005725D0 /* Badger_me.app */,
				13FB31EE28C89942005725D0 /* Badger_meTests.xctest */,
				13FB31F828C89942005725D0 /* Badger_meUITests.xctest */,
			);
			name = Products;
			sourceTree = "<group>";
		};
		13FB31E028C89941005725D0 /* Badger_me */ = {
			isa = PBXGroup;
			children = (
				13FB321728C8C98E005725D0 /* Badger-me-Info.plist */,
				13FB321528C8C6F4005725D0 /* GoogleService-Info.plist */,
				13FB320E28C8A33D005725D0 /* view */,
				13FB31E128C89941005725D0 /* Badger_meApp.swift */,
				13FB31E328C89941005725D0 /* ContentView.swift */,
				13FB31E528C89942005725D0 /* Assets.xcassets */,
				13FB31E728C89942005725D0 /* Preview Content */,
			);
			path = Badger_me;
			sourceTree = "<group>";
		};
		13FB31E728C89942005725D0 /* Preview Content */ = {
			isa = PBXGroup;
			children = (
				13FB31E828C89942005725D0 /* Preview Assets.xcassets */,
			);
			path = "Preview Content";
			sourceTree = "<group>";
		};
		13FB31F128C89942005725D0 /* Badger_meTests */ = {
			isa = PBXGroup;
			children = (
				13FB31F228C89942005725D0 /* Badger_meTests.swift */,
			);
			path = Badger_meTests;
			sourceTree = "<group>";
		};
		13FB31FB28C89942005725D0 /* Badger_meUITests */ = {
			isa = PBXGroup;
			children = (
				13FB31FC28C89942005725D0 /* Badger_meUITests.swift */,
				13FB31FE28C89942005725D0 /* Badger_meUITestsLaunchTests.swift */,
			);
			path = Badger_meUITests;
			sourceTree = "<group>";
		};
		13FB320E28C8A33D005725D0 /* view */ = {
			isa = PBXGroup;
			children = (
				13FB320F28C8A35E005725D0 /* LoginView.swift */,
			);
			path = view;
			sourceTree = "<group>";
		};
/* End PBXGroup section */

/* Begin PBXNativeTarget section */
		13FB31DD28C89941005725D0 /* Badger_me */ = {
			isa = PBXNativeTarget;
			buildConfigurationList = 13FB320228C89942005725D0 /* Build configuration list for PBXNativeTarget "Badger_me" */;
			buildPhases = (
				13FB31DA28C89941005725D0 /* Sources */,
				13FB31DB28C89941005725D0 /* Frameworks */,
				13FB31DC28C89941005725D0 /* Resources */,
			);
			buildRules = (
			);
			dependencies = (
			);
			name = Badger_me;
			packageProductDependencies = (
				13FB320C28C89A30005725D0 /* FirebaseAuth */,
				13FB321228C8C381005725D0 /* GoogleSignIn */,
			);
			productName = Badger_me;
			productReference = 13FB31DE28C89941005725D0 /* Badger_me.app */;
			productType = "com.apple.product-type.application";
		};
		13FB31ED28C89942005725D0 /* Badger_meTests */ = {
			isa = PBXNativeTarget;
			buildConfigurationList = 13FB320528C89942005725D0 /* Build configuration list for PBXNativeTarget "Badger_meTests" */;
			buildPhases = (
				13FB31EA28C89942005725D0 /* Sources */,
				13FB31EB28C89942005725D0 /* Frameworks */,
				13FB31EC28C89942005725D0 /* Resources */,
			);
			buildRules = (
			);
			dependencies = (
				13FB31F028C89942005725D0 /* PBXTargetDependency */,
			);
			name = Badger_meTests;
			productName = Badger_meTests;
			productReference = 13FB31EE28C89942005725D0 /* Badger_meTests.xctest */;
			productType = "com.apple.product-type.bundle.unit-test";
		};
		13FB31F728C89942005725D0 /* Badger_meUITests */ = {
			isa = PBXNativeTarget;
			buildConfigurationList = 13FB320828C89942005725D0 /* Build configuration list for PBXNativeTarget "Badger_meUITests" */;
			buildPhases = (
				13FB31F428C89942005725D0 /* Sources */,
				13FB31F528C89942005725D0 /* Frameworks */,
				13FB31F628C89942005725D0 /* Resources */,
			);
			buildRules = (
			);
			dependencies = (
				13FB31FA28C89942005725D0 /* PBXTargetDependency */,
			);
			name = Badger_meUITests;
			productName = Badger_meUITests;
			productReference = 13FB31F828C89942005725D0 /* Badger_meUITests.xctest */;
			productType = "com.apple.product-type.bundle.ui-testing";
		};
/* End PBXNativeTarget section */

/* Begin PBXProject section */
		13FB31D628C89941005725D0 /* Project object */ = {
			isa = PBXProject;
			attributes = {
				BuildIndependentTargetsInParallel = 1;
				LastSwiftUpdateCheck = 1340;
				LastUpgradeCheck = 1340;
				TargetAttributes = {
					13FB31DD28C89941005725D0 = {
						CreatedOnToolsVersion = 13.4.1;
					};
					13FB31ED28C89942005725D0 = {
						CreatedOnToolsVersion = 13.4.1;
						TestTargetID = 13FB31DD28C89941005725D0;
					};
					13FB31F728C89942005725D0 = {
						CreatedOnToolsVersion = 13.4.1;
						TestTargetID = 13FB31DD28C89941005725D0;
					};
				};
			};
			buildConfigurationList = 13FB31D928C89941005725D0 /* Build configuration list for PBXProject "Badger_me" */;
			compatibilityVersion = "Xcode 13.0";
			developmentRegion = en;
			hasScannedForEncodings = 0;
			knownRegions = (
				en,
				Base,
			);
			mainGroup = 13FB31D528C89941005725D0;
			packageReferences = (
				13FB320B28C89A30005725D0 /* XCRemoteSwiftPackageReference "firebase-ios-sdk" */,
				13FB321128C8C381005725D0 /* XCRemoteSwiftPackageReference "GoogleSignIn-iOS" */,
			);
			productRefGroup = 13FB31DF28C89941005725D0 /* Products */;
			projectDirPath = "";
			projectRoot = "";
			targets = (
				13FB31DD28C89941005725D0 /* Badger_me */,
				13FB31ED28C89942005725D0 /* Badger_meTests */,
				13FB31F728C89942005725D0 /* Badger_meUITests */,
			);
		};
/* End PBXProject section */

/* Begin PBXResourcesBuildPhase section */
		13FB31DC28C89941005725D0 /* Resources */ = {
			isa = PBXResourcesBuildPhase;
			buildActionMask = 2147483647;
			files = (
				13FB31E928C89942005725D0 /* Preview Assets.xcassets in Resources */,
				13FB31E628C89942005725D0 /* Assets.xcassets in Resources */,
				13FB321628C8C6F4005725D0 /* GoogleService-Info.plist in Resources */,
			);
			runOnlyForDeploymentPostprocessing = 0;
		};
		13FB31EC28C89942005725D0 /* Resources */ = {
			isa = PBXResourcesBuildPhase;
			buildActionMask = 2147483647;
			files = (
			);
			runOnlyForDeploymentPostprocessing = 0;
		};
		13FB31F628C89942005725D0 /* Resources */ = {
			isa = PBXResourcesBuildPhase;
			buildActionMask = 2147483647;
			files = (
			);
			runOnlyForDeploymentPostprocessing = 0;
		};
/* End PBXResourcesBuildPhase section */

/* Begin PBXSourcesBuildPhase section */
		13FB31DA28C89941005725D0 /* Sources */ = {
			isa = PBXSourcesBuildPhase;
			buildActionMask = 2147483647;
			files = (
				13FB321028C8A35E005725D0 /* LoginView.swift in Sources */,
				13FB31E428C89941005725D0 /* ContentView.swift in Sources */,
				13FB31E228C89941005725D0 /* Badger_meApp.swift in Sources */,
			);
			runOnlyForDeploymentPostprocessing = 0;
		};
		13FB31EA28C89942005725D0 /* Sources */ = {
			isa = PBXSourcesBuildPhase;
			buildActionMask = 2147483647;
			files = (
				13FB31F328C89942005725D0 /* Badger_meTests.swift in Sources */,
			);
			runOnlyForDeploymentPostprocessing = 0;
		};
		13FB31F428C89942005725D0 /* Sources */ = {
			isa = PBXSourcesBuildPhase;
			buildActionMask = 2147483647;
			files = (
				13FB31FD28C89942005725D0 /* Badger_meUITests.swift in Sources */,
				13FB31FF28C89942005725D0 /* Badger_meUITestsLaunchTests.swift in Sources */,
			);
			runOnlyForDeploymentPostprocessing = 0;
		};
/* End PBXSourcesBuildPhase section */

/* Begin PBXTargetDependency section */
		13FB31F028C89942005725D0 /* PBXTargetDependency */ = {
			isa = PBXTargetDependency;
			target = 13FB31DD28C89941005725D0 /* Badger_me */;
			targetProxy = 13FB31EF28C89942005725D0 /* PBXContainerItemProxy */;
		};
		13FB31FA28C89942005725D0 /* PBXTargetDependency */ = {
			isa = PBXTargetDependency;
			target = 13FB31DD28C89941005725D0 /* Badger_me */;
			targetProxy = 13FB31F928C89942005725D0 /* PBXContainerItemProxy */;
		};
/* End PBXTargetDependency section */

/* Begin XCBuildConfiguration section */
		13FB320028C89942005725D0 /* Debug */ = {
			isa = XCBuildConfiguration;
			buildSettings = {
				ALWAYS_SEARCH_USER_PATHS = NO;
				CLANG_ANALYZER_NONNULL = YES;
				CLANG_ANALYZER_NUMBER_OBJECT_CONVERSION = YES_AGGRESSIVE;
				CLANG_CXX_LANGUAGE_STANDARD = "gnu++17";
				CLANG_ENABLE_MODULES = YES;
				CLANG_ENABLE_OBJC_ARC = YES;
				CLANG_ENABLE_OBJC_WEAK = YES;
				CLANG_WARN_BLOCK_CAPTURE_AUTORELEASING = YES;
				CLANG_WARN_BOOL_CONVERSION = YES;
				CLANG_WARN_COMMA = YES;
				CLANG_WARN_CONSTANT_CONVERSION = YES;
				CLANG_WARN_DEPRECATED_OBJC_IMPLEMENTATIONS = YES;
				CLANG_WARN_DIRECT_OBJC_ISA_USAGE = YES_ERROR;
				CLANG_WARN_DOCUMENTATION_COMMENTS = YES;
				CLANG_WARN_EMPTY_BODY = YES;
				CLANG_WARN_ENUM_CONVERSION = YES;
				CLANG_WARN_INFINITE_RECURSION = YES;
				CLANG_WARN_INT_CONVERSION = YES;
				CLANG_WARN_NON_LITERAL_NULL_CONVERSION = YES;
				CLANG_WARN_OBJC_IMPLICIT_RETAIN_SELF = YES;
				CLANG_WARN_OBJC_LITERAL_CONVERSION = YES;
				CLANG_WARN_OBJC_ROOT_CLASS = YES_ERROR;
				CLANG_WARN_QUOTED_INCLUDE_IN_FRAMEWORK_HEADER = YES;
				CLANG_WARN_RANGE_LOOP_ANALYSIS = YES;
				CLANG_WARN_STRICT_PROTOTYPES = YES;
				CLANG_WARN_SUSPICIOUS_MOVE = YES;
				CLANG_WARN_UNGUARDED_AVAILABILITY = YES_AGGRESSIVE;
				CLANG_WARN_UNREACHABLE_CODE = YES;
				CLANG_WARN__DUPLICATE_METHOD_MATCH = YES;
				COPY_PHASE_STRIP = NO;
				DEBUG_INFORMATION_FORMAT = dwarf;
				ENABLE_STRICT_OBJC_MSGSEND = YES;
				ENABLE_TESTABILITY = YES;
				GCC_C_LANGUAGE_STANDARD = gnu11;
				GCC_DYNAMIC_NO_PIC = NO;
				GCC_NO_COMMON_BLOCKS = YES;
				GCC_OPTIMIZATION_LEVEL = 0;
				GCC_PREPROCESSOR_DEFINITIONS = (
					"DEBUG=1",
					"$(inherited)",
				);
				GCC_WARN_64_TO_32_BIT_CONVERSION = YES;
				GCC_WARN_ABOUT_RETURN_TYPE = YES_ERROR;
				GCC_WARN_UNDECLARED_SELECTOR = YES;
				GCC_WARN_UNINITIALIZED_AUTOS = YES_AGGRESSIVE;
				GCC_WARN_UNUSED_FUNCTION = YES;
				GCC_WARN_UNUSED_VARIABLE = YES;
				IPHONEOS_DEPLOYMENT_TARGET = 15.5;
				MTL_ENABLE_DEBUG_INFO = INCLUDE_SOURCE;
				MTL_FAST_MATH = YES;
				ONLY_ACTIVE_ARCH = YES;
				SDKROOT = iphoneos;
				SWIFT_ACTIVE_COMPILATION_CONDITIONS = DEBUG;
				SWIFT_OPTIMIZATION_LEVEL = "-Onone";
			};
			name = Debug;
		};
		13FB320128C89942005725D0 /* Release */ = {
			isa = XCBuildConfiguration;
			buildSettings = {
				ALWAYS_SEARCH_USER_PATHS = NO;
				CLANG_ANALYZER_NONNULL = YES;
				CLANG_ANALYZER_NUMBER_OBJECT_CONVERSION = YES_AGGRESSIVE;
				CLANG_CXX_LANGUAGE_STANDARD = "gnu++17";
				CLANG_ENABLE_MODULES = YES;
				CLANG_ENABLE_OBJC_ARC = YES;
				CLANG_ENABLE_OBJC_WEAK = YES;
				CLANG_WARN_BLOCK_CAPTURE_AUTORELEASING = YES;
				CLANG_WARN_BOOL_CONVERSION = YES;
				CLANG_WARN_COMMA = YES;
				CLANG_WARN_CONSTANT_CONVERSION = YES;
				CLANG_WARN_DEPRECATED_OBJC_IMPLEMENTATIONS = YES;
				CLANG_WARN_DIRECT_OBJC_ISA_USAGE = YES_ERROR;
				CLANG_WARN_DOCUMENTATION_COMMENTS = YES;
				CLANG_WARN_EMPTY_BODY = YES;
				CLANG_WARN_ENUM_CONVERSION = YES;
				CLANG_WARN_INFINITE_RECURSION = YES;
				CLANG_WARN_INT_CONVERSION = YES;
				CLANG_WARN_NON_LITERAL_NULL_CONVERSION = YES;
				CLANG_WARN_OBJC_IMPLICIT_RETAIN_SELF = YES;
				CLANG_WARN_OBJC_LITERAL_CONVERSION = YES;
				CLANG_WARN_OBJC_ROOT_CLASS = YES_ERROR;
				CLANG_WARN_QUOTED_INCLUDE_IN_FRAMEWORK_HEADER = YES;
				CLANG_WARN_RANGE_LOOP_ANALYSIS = YES;
				CLANG_WARN_STRICT_PROTOTYPES = YES;
				CLANG_WARN_SUSPICIOUS_MOVE = YES;
				CLANG_WARN_UNGUARDED_AVAILABILITY = YES_AGGRESSIVE;
				CLANG_WARN_UNREACHABLE_CODE = YES;
				CLANG_WARN__DUPLICATE_METHOD_MATCH = YES;
				COPY_PHASE_STRIP = NO;
				DEBUG_INFORMATION_FORMAT = "dwarf-with-dsym";
				ENABLE_NS_ASSERTIONS = NO;
				ENABLE_STRICT_OBJC_MSGSEND = YES;
				GCC_C_LANGUAGE_STANDARD = gnu11;
				GCC_NO_COMMON_BLOCKS = YES;
				GCC_WARN_64_TO_32_BIT_CONVERSION = YES;
				GCC_WARN_ABOUT_RETURN_TYPE = YES_ERROR;
				GCC_WARN_UNDECLARED_SELECTOR = YES;
				GCC_WARN_UNINITIALIZED_AUTOS = YES_AGGRESSIVE;
				GCC_WARN_UNUSED_FUNCTION = YES;
				GCC_WARN_UNUSED_VARIABLE = YES;
				IPHONEOS_DEPLOYMENT_TARGET = 15.5;
				MTL_ENABLE_DEBUG_INFO = NO;
				MTL_FAST_MATH = YES;
				SDKROOT = iphoneos;
				SWIFT_COMPILATION_MODE = wholemodule;
				SWIFT_OPTIMIZATION_LEVEL = "-O";
				VALIDATE_PRODUCT = YES;
			};
			name = Release;
		};
		13FB320328C89942005725D0 /* Debug */ = {
			isa = XCBuildConfiguration;
			buildSettings = {
				ASSETCATALOG_COMPILER_APPICON_NAME = AppIcon;
				ASSETCATALOG_COMPILER_GLOBAL_ACCENT_COLOR_NAME = AccentColor;
				CODE_SIGN_STYLE = Automatic;
				CURRENT_PROJECT_VERSION = 1;
				DEVELOPMENT_ASSET_PATHS = "\"Badger_me/Preview Content\"";
				DEVELOPMENT_TEAM = 2JMNSNC6H9;
				ENABLE_PREVIEWS = YES;
				GENERATE_INFOPLIST_FILE = YES;
				INFOPLIST_FILE = "Badger-me-Info.plist";
				INFOPLIST_KEY_UIApplicationSceneManifest_Generation = YES;
				INFOPLIST_KEY_UIApplicationSupportsIndirectInputEvents = YES;
				INFOPLIST_KEY_UILaunchScreen_Generation = YES;
				INFOPLIST_KEY_UISupportedInterfaceOrientations_iPad = "UIInterfaceOrientationPortrait UIInterfaceOrientationPortraitUpsideDown UIInterfaceOrientationLandscapeLeft UIInterfaceOrientationLandscapeRight";
				INFOPLIST_KEY_UISupportedInterfaceOrientations_iPhone = "UIInterfaceOrientationPortrait UIInterfaceOrientationLandscapeLeft UIInterfaceOrientationLandscapeRight";
				LD_RUNPATH_SEARCH_PATHS = (
					"$(inherited)",
					"@executable_path/Frameworks",
				);
				MARKETING_VERSION = 1.0;
				PRODUCT_BUNDLE_IDENTIFIER = "badger-me.Badger-me";
				PRODUCT_NAME = "$(TARGET_NAME)";
				SWIFT_EMIT_LOC_STRINGS = YES;
				SWIFT_VERSION = 5.0;
				TARGETED_DEVICE_FAMILY = "1,2";
			};
			name = Debug;
		};
		13FB320428C89942005725D0 /* Release */ = {
			isa = XCBuildConfiguration;
			buildSettings = {
				ASSETCATALOG_COMPILER_APPICON_NAME = AppIcon;
				ASSETCATALOG_COMPILER_GLOBAL_ACCENT_COLOR_NAME = AccentColor;
				CODE_SIGN_STYLE = Automatic;
				CURRENT_PROJECT_VERSION = 1;
				DEVELOPMENT_ASSET_PATHS = "\"Badger_me/Preview Content\"";
				DEVELOPMENT_TEAM = 2JMNSNC6H9;
				ENABLE_PREVIEWS = YES;
				GENERATE_INFOPLIST_FILE = YES;
				INFOPLIST_FILE = "Badger-me-Info.plist";
				INFOPLIST_KEY_UIApplicationSceneManifest_Generation = YES;
				INFOPLIST_KEY_UIApplicationSupportsIndirectInputEvents = YES;
				INFOPLIST_KEY_UILaunchScreen_Generation = YES;
				INFOPLIST_KEY_UISupportedInterfaceOrientations_iPad = "UIInterfaceOrientationPortrait UIInterfaceOrientationPortraitUpsideDown UIInterfaceOrientationLandscapeLeft UIInterfaceOrientationLandscapeRight";
				INFOPLIST_KEY_UISupportedInterfaceOrientations_iPhone = "UIInterfaceOrientationPortrait UIInterfaceOrientationLandscapeLeft UIInterfaceOrientationLandscapeRight";
				LD_RUNPATH_SEARCH_PATHS = (
					"$(inherited)",
					"@executable_path/Frameworks",
				);
				MARKETING_VERSION = 1.0;
				PRODUCT_BUNDLE_IDENTIFIER = "badger-me.Badger-me";
				PRODUCT_NAME = "$(TARGET_NAME)";
				SWIFT_EMIT_LOC_STRINGS = YES;
				SWIFT_VERSION = 5.0;
				TARGETED_DEVICE_FAMILY = "1,2";
			};
			name = Release;
		};
		13FB320628C89942005725D0 /* Debug */ = {
			isa = XCBuildConfiguration;
			buildSettings = {
				ALWAYS_EMBED_SWIFT_STANDARD_LIBRARIES = YES;
				BUNDLE_LOADER = "$(TEST_HOST)";
				CODE_SIGN_STYLE = Automatic;
				CURRENT_PROJECT_VERSION = 1;
				DEVELOPMENT_TEAM = 2JMNSNC6H9;
				GENERATE_INFOPLIST_FILE = YES;
				IPHONEOS_DEPLOYMENT_TARGET = 15.5;
				MARKETING_VERSION = 1.0;
				PRODUCT_BUNDLE_IDENTIFIER = "badger-me.Badger-meTests";
				PRODUCT_NAME = "$(TARGET_NAME)";
				SWIFT_EMIT_LOC_STRINGS = NO;
				SWIFT_VERSION = 5.0;
				TARGETED_DEVICE_FAMILY = "1,2";
				TEST_HOST = "$(BUILT_PRODUCTS_DIR)/Badger_me.app/Badger_me";
			};
			name = Debug;
		};
		13FB320728C89942005725D0 /* Release */ = {
			isa = XCBuildConfiguration;
			buildSettings = {
				ALWAYS_EMBED_SWIFT_STANDARD_LIBRARIES = YES;
				BUNDLE_LOADER = "$(TEST_HOST)";
				CODE_SIGN_STYLE = Automatic;
				CURRENT_PROJECT_VERSION = 1;
				DEVELOPMENT_TEAM = 2JMNSNC6H9;
				GENERATE_INFOPLIST_FILE = YES;
				IPHONEOS_DEPLOYMENT_TARGET = 15.5;
				MARKETING_VERSION = 1.0;
				PRODUCT_BUNDLE_IDENTIFIER = "badger-me.Badger-meTests";
				PRODUCT_NAME = "$(TARGET_NAME)";
				SWIFT_EMIT_LOC_STRINGS = NO;
				SWIFT_VERSION = 5.0;
				TARGETED_DEVICE_FAMILY = "1,2";
				TEST_HOST = "$(BUILT_PRODUCTS_DIR)/Badger_me.app/Badger_me";
			};
			name = Release;
		};
		13FB320928C89942005725D0 /* Debug */ = {
			isa = XCBuildConfiguration;
			buildSettings = {
				ALWAYS_EMBED_SWIFT_STANDARD_LIBRARIES = YES;
				CODE_SIGN_STYLE = Automatic;
				CURRENT_PROJECT_VERSION = 1;
				DEVELOPMENT_TEAM = 2JMNSNC6H9;
				GENERATE_INFOPLIST_FILE = YES;
				MARKETING_VERSION = 1.0;
				PRODUCT_BUNDLE_IDENTIFIER = "badger-me.Badger-meUITests";
				PRODUCT_NAME = "$(TARGET_NAME)";
				SWIFT_EMIT_LOC_STRINGS = NO;
				SWIFT_VERSION = 5.0;
				TARGETED_DEVICE_FAMILY = "1,2";
				TEST_TARGET_NAME = Badger_me;
			};
			name = Debug;
		};
		13FB320A28C89942005725D0 /* Release */ = {
			isa = XCBuildConfiguration;
			buildSettings = {
				ALWAYS_EMBED_SWIFT_STANDARD_LIBRARIES = YES;
				CODE_SIGN_STYLE = Automatic;
				CURRENT_PROJECT_VERSION = 1;
				DEVELOPMENT_TEAM = 2JMNSNC6H9;
				GENERATE_INFOPLIST_FILE = YES;
				MARKETING_VERSION = 1.0;
				PRODUCT_BUNDLE_IDENTIFIER = "badger-me.Badger-meUITests";
				PRODUCT_NAME = "$(TARGET_NAME)";
				SWIFT_EMIT_LOC_STRINGS = NO;
				SWIFT_VERSION = 5.0;
				TARGETED_DEVICE_FAMILY = "1,2";
				TEST_TARGET_NAME = Badger_me;
			};
			name = Release;
		};
/* End XCBuildConfiguration section */

/* Begin XCConfigurationList section */
		13FB31D928C89941005725D0 /* Build configuration list for PBXProject "Badger_me" */ = {
			isa = XCConfigurationList;
			buildConfigurations = (
				13FB320028C89942005725D0 /* Debug */,
				13FB320128C89942005725D0 /* Release */,
			);
			defaultConfigurationIsVisible = 0;
			defaultConfigurationName = Release;
		};
		13FB320228C89942005725D0 /* Build configuration list for PBXNativeTarget "Badger_me" */ = {
			isa = XCConfigurationList;
			buildConfigurations = (
				13FB320328C89942005725D0 /* Debug */,
				13FB320428C89942005725D0 /* Release */,
			);
			defaultConfigurationIsVisible = 0;
			defaultConfigurationName = Release;
		};
		13FB320528C89942005725D0 /* Build configuration list for PBXNativeTarget "Badger_meTests" */ = {
			isa = XCConfigurationList;
			buildConfigurations = (
				13FB320628C89942005725D0 /* Debug */,
				13FB320728C89942005725D0 /* Release */,
			);
			defaultConfigurationIsVisible = 0;
			defaultConfigurationName = Release;
		};
		13FB320828C89942005725D0 /* Build configuration list for PBXNativeTarget "Badger_meUITests" */ = {
			isa = XCConfigurationList;
			buildConfigurations = (
				13FB320928C89942005725D0 /* Debug */,
				13FB320A28C89942005725D0 /* Release */,
			);
			defaultConfigurationIsVisible = 0;
			defaultConfigurationName = Release;
		};
/* End XCConfigurationList section */

/* Begin XCRemoteSwiftPackageReference section */
		13FB320B28C89A30005725D0 /* XCRemoteSwiftPackageReference "firebase-ios-sdk" */ = {
			isa = XCRemoteSwiftPackageReference;
			repositoryURL = "https://github.com/firebase/firebase-ios-sdk";
			requirement = {
				kind = upToNextMajorVersion;
				minimumVersion = 9.0.0;
			};
		};
		13FB321128C8C381005725D0 /* XCRemoteSwiftPackageReference "GoogleSignIn-iOS" */ = {
			isa = XCRemoteSwiftPackageReference;
			repositoryURL = "https://github.com/google/GoogleSignIn-iOS";
			requirement = {
				kind = upToNextMajorVersion;
				minimumVersion = 6.0.0;
			};
		};
/* End XCRemoteSwiftPackageReference section */

/* Begin XCSwiftPackageProductDependency section */
		13FB320C28C89A30005725D0 /* FirebaseAuth */ = {
			isa = XCSwiftPackageProductDependency;
			package = 13FB320B28C89A30005725D0 /* XCRemoteSwiftPackageReference "firebase-ios-sdk" */;
			productName = FirebaseAuth;
		};
		13FB321228C8C381005725D0 /* GoogleSignIn */ = {
			isa = XCSwiftPackageProductDependency;
			package = 13FB321128C8C381005725D0 /* XCRemoteSwiftPackageReference "GoogleSignIn-iOS" */;
			productName = GoogleSignIn;
		};
/* End XCSwiftPackageProductDependency section */
	};
	rootObject = 13FB31D628C89941005725D0 /* Project object */;
}
